
Microsoft Visual Studio Solution File, Format Version 12.00
# Visual Studio Version 17
VisualStudioVersion = 17.6.33723.286
MinimumVisualStudioVersion = 10.0.40219.1
Project("{9A19103F-16F7-4668-BE54-9A1E7A4F7556}") = "MyNewProject", "MyNewProject.csproj", "{1B099EFE-D21C-4022-ADFC-55433E567A2D}"
EndProject
Global
	GlobalSection(SolutionConfigurationPlatforms) = preSolution
		Debug|Any CPU = Debug|Any CPU
		Release|Any CPU = Release|Any CPU
	EndGlobalSection
	GlobalSection(ProjectConfigurationPlatforms) = postSolution
		{1B099EFE-D21C-4022-ADFC-55433E567A2D}.Debug|Any CPU.ActiveCfg = Debug|Any CPU
		{1B099EFE-D21C-4022-ADFC-55433E567A2D}.Debug|Any CPU.Build.0 = Debug|Any CPU
		{1B099EFE-D21C-4022-ADFC-55433E567A2D}.Release|Any CPU.ActiveCfg = Release|Any CPU
		{1B099EFE-D21C-4022-ADFC-55433E567A2D}.Release|Any CPU.Build.0 = Release|Any CPU
	EndGlobalSection
	GlobalSection(SolutionProperties) = preSolution
		HideSolutionNode = FALSE
	EndGlobalSection
	GlobalSection(ExtensibilityGlobals) = postSolution
		SolutionGuid = {081FF54D-9C76-4AA6-8E54-ECE8C3843056}
	EndGlobalSection
EndGlobal
